
Microsoft Visual Studio Solution File, Format Version 12.00
Project("{FAE04EC0-301F-11D3-BF4B-00C04F79EFBC}") = "WriteApi", "WriteApi\WriteApi.csproj", "{A9D44698-1397-4E63-A920-9206E93DFF4D}"
EndProject
Project("{FAE04EC0-301F-11D3-BF4B-00C04F79EFBC}") = "ReadApi", "ReadApi\ReadApi.csproj", "{E10B9EFC-21C7-4153-9B58-49CC65BABA24}"
EndProject
Project("{FAE04EC0-301F-11D3-BF4B-00C04F79EFBC}") = "Dal.Common", "Dal.Common\Dal.Common.csproj", "{91BB330D-0FC0-4A99-A5D4-8AB872133549}"
EndProject
Project("{FAE04EC0-301F-11D3-BF4B-00C04F79EFBC}") = "Dal.Mongo", "Dal.Mongo\Dal.Mongo.csproj", "{CE3A9B60-C4E5-4190-B871-4C13867B06CF}"
EndProject
Global
	GlobalSection(SolutionConfigurationPlatforms) = preSolution
		Debug|Any CPU = Debug|Any CPU
		Release|Any CPU = Release|Any CPU
	EndGlobalSection
	GlobalSection(ProjectConfigurationPlatforms) = postSolution
		{A9D44698-1397-4E63-A920-9206E93DFF4D}.Debug|Any CPU.ActiveCfg = Debug|Any CPU
		{A9D44698-1397-4E63-A920-9206E93DFF4D}.Debug|Any CPU.Build.0 = Debug|Any CPU
		{A9D44698-1397-4E63-A920-9206E93DFF4D}.Release|Any CPU.ActiveCfg = Release|Any CPU
		{A9D44698-1397-4E63-A920-9206E93DFF4D}.Release|Any CPU.Build.0 = Release|Any CPU
		{E10B9EFC-21C7-4153-9B58-49CC65BABA24}.Debug|Any CPU.ActiveCfg = Debug|Any CPU
		{E10B9EFC-21C7-4153-9B58-49CC65BABA24}.Debug|Any CPU.Build.0 = Debug|Any CPU
		{E10B9EFC-21C7-4153-9B58-49CC65BABA24}.Release|Any CPU.ActiveCfg = Release|Any CPU
		{E10B9EFC-21C7-4153-9B58-49CC65BABA24}.Release|Any CPU.Build.0 = Release|Any CPU
		{91BB330D-0FC0-4A99-A5D4-8AB872133549}.Debug|Any CPU.ActiveCfg = Debug|Any CPU
		{91BB330D-0FC0-4A99-A5D4-8AB872133549}.Debug|Any CPU.Build.0 = Debug|Any CPU
		{91BB330D-0FC0-4A99-A5D4-8AB872133549}.Release|Any CPU.ActiveCfg = Release|Any CPU
		{91BB330D-0FC0-4A99-A5D4-8AB872133549}.Release|Any CPU.Build.0 = Release|Any CPU
		{CE3A9B60-C4E5-4190-B871-4C13867B06CF}.Debug|Any CPU.ActiveCfg = Debug|Any CPU
		{CE3A9B60-C4E5-4190-B871-4C13867B06CF}.Debug|Any CPU.Build.0 = Debug|Any CPU
		{CE3A9B60-C4E5-4190-B871-4C13867B06CF}.Release|Any CPU.ActiveCfg = Release|Any CPU
		{CE3A9B60-C4E5-4190-B871-4C13867B06CF}.Release|Any CPU.Build.0 = Release|Any CPU
	EndGlobalSection
EndGlobal
